
Microsoft Visual Studio Solution File, Format Version 12.00
# Visual Studio Version 17
VisualStudioVersion = 17.14.36518.9 d17.14
MinimumVisualStudioVersion = 10.0.40219.1
Project("{FAE04EC0-301F-11D3-BF4B-00C04F79EFBC}") = "Assignment1-1", "Assignment1-1\Assignment1-1.csproj", "{D2F92CAE-6C41-426C-96B4-D8ECD889BD78}"
EndProject
Global
	GlobalSection(SolutionConfigurationPlatforms) = preSolution
		Debug|Any CPU = Debug|Any CPU
		Release|Any CPU = Release|Any CPU
	EndGlobalSection
	GlobalSection(ProjectConfigurationPlatforms) = postSolution
		{D2F92CAE-6C41-426C-96B4-D8ECD889BD78}.Debug|Any CPU.ActiveCfg = Debug|Any CPU
		{D2F92CAE-6C41-426C-96B4-D8ECD889BD78}.Debug|Any CPU.Build.0 = Debug|Any CPU
		{D2F92CAE-6C41-426C-96B4-D8ECD889BD78}.Release|Any CPU.ActiveCfg = Release|Any CPU
		{D2F92CAE-6C41-426C-96B4-D8ECD889BD78}.Release|Any CPU.Build.0 = Release|Any CPU
	EndGlobalSection
	GlobalSection(SolutionProperties) = preSolution
		HideSolutionNode = FALSE
	EndGlobalSection
	GlobalSection(ExtensibilityGlobals) = postSolution
		SolutionGuid = {2CE34269-3622-4754-AEE0-648D6E79D79B}
	EndGlobalSection
EndGlobal
